[[package]]
category = "dev"
description = "Read/rewrite/write Python ASTs"
name = "astor"
optional = false
python-versions = ">=2.7, !=3.0.*, !=3.1.*, !=3.2.*, !=3.3.*"
version = "0.8.0"

[[package]]
category = "dev"
description = "Classes Without Boilerplate"
name = "attrs"
optional = false
python-versions = ">=2.7, !=3.0.*, !=3.1.*, !=3.2.*, !=3.3.*"
version = "19.2.0"

[[package]]
category = "dev"
description = "Security oriented static analyser for python code."
name = "bandit"
optional = false
python-versions = "*"
version = "1.6.2"

[package.dependencies]
GitPython = ">=1.0.1"
PyYAML = ">=3.13"
colorama = ">=0.3.9"
six = ">=1.10.0"
stevedore = ">=1.20.0"

[[package]]
category = "main"
description = "Screen-scraping library"
name = "beautifulsoup4"
optional = false
python-versions = "*"
version = "4.8.0"

[package.dependencies]
soupsieve = ">=1.2"

[[package]]
category = "main"
description = "Python package for providing Mozilla's CA Bundle."
name = "certifi"
optional = false
python-versions = "*"
version = "2019.9.11"

[[package]]
category = "main"
description = "Universal encoding detector for Python 2 and 3"
name = "chardet"
optional = false
python-versions = "*"
version = "3.0.4"

[[package]]
category = "dev"
description = "Cross-platform colored terminal text."
name = "colorama"
optional = false
python-versions = "*"
version = "0.3.9"

[[package]]
category = "main"
description = "Use Database URLs in your Django Application."
name = "dj-database-url"
optional = false
python-versions = "*"
version = "0.5.0"

[[package]]
category = "main"
description = "A high-level Python Web framework that encourages rapid development and clean, pragmatic design."
name = "django"
optional = false
python-versions = ">=3.5"
version = "2.2.8"

[package.dependencies]
pytz = "*"
sqlparse = "*"

[[package]]
category = "main"
description = "Bootstrap support for Django projects"
name = "django-bootstrap4"
optional = false
python-versions = "*"
version = "1.0.1"

[package.dependencies]
beautifulsoup4 = "*"

[[package]]
category = "dev"
description = "Docutils -- Python Documentation Utilities"
name = "docutils"
optional = false
python-versions = ">=2.6, !=3.0.*, !=3.1.*, !=3.2.*"
version = "0.15.2"

[[package]]
category = "dev"
description = "Discover and load entry points from installed packages."
name = "entrypoints"
optional = false
python-versions = ">=2.7"
version = "0.3"

[[package]]
category = "dev"
description = "Removes commented-out code."
name = "eradicate"
optional = false
python-versions = "*"
version = "1.0"

[[package]]
category = "dev"
description = "Faker is a Python package that generates fake data for you."
name = "faker"
optional = false
python-versions = ">=2.7, !=3.0.*, !=3.1.*, !=3.2.*, !=3.3.*"
version = "2.0.2"

[package.dependencies]
python-dateutil = ">=2.4"
six = ">=1.10"
text-unidecode = "1.3"

[[package]]
category = "dev"
description = "the modular source code checker: pep8, pyflakes and co"
name = "flake8"
optional = false
python-versions = ">=2.7, !=3.0.*, !=3.1.*, !=3.2.*, !=3.3.*"
version = "3.7.8"

[package.dependencies]
entrypoints = ">=0.3.0,<0.4.0"
mccabe = ">=0.6.0,<0.7.0"
pycodestyle = ">=2.5.0,<2.6.0"
pyflakes = ">=2.1.0,<2.2.0"

[[package]]
category = "dev"
description = "A flake8 extension that checks for type annotations complexity"
name = "flake8-annotations-complexity"
optional = false
python-versions = "*"
version = "0.0.2"

[package.dependencies]
setuptools = "*"

[[package]]
category = "dev"
description = "Automated security testing with bandit and flake8."
name = "flake8-bandit"
optional = false
python-versions = "*"
version = "2.1.1"

[package.dependencies]
bandit = "*"
flake8 = "*"
flake8-polyfill = "*"
pycodestyle = "*"

[[package]]
category = "dev"
description = "Flake8 plugin to forbid backslashes for line breaks"
name = "flake8-broken-line"
optional = false
python-versions = ">=3.6,<4.0"
version = "0.1.1"

[package.dependencies]
flake8 = ">=3.5,<4.0"

[[package]]
category = "dev"
description = "A plugin for flake8 finding likely bugs and design problems in your program. Contains warnings that don't belong in pyflakes and pycodestyle."
name = "flake8-bugbear"
optional = false
python-versions = ">=3.5"
version = "19.8.0"

[package.dependencies]
attrs = "*"
flake8 = ">=3.0.0"

[[package]]
category = "dev"
description = "Check for python builtins being used as variables or parameters."
name = "flake8-builtins"
optional = false
python-versions = "*"
version = "1.4.1"

[package.dependencies]
flake8 = "*"

[[package]]
category = "dev"
description = "Adds coding magic comment checks to flake8"
name = "flake8-coding"
optional = false
python-versions = "*"
version = "1.3.2"

[package.dependencies]
flake8 = "*"

[[package]]
category = "dev"
description = "Flake8 lint for trailing commas."
name = "flake8-commas"
optional = false
python-versions = "*"
version = "2.0.0"

[package.dependencies]
flake8 = ">=2,<4.0.0"

[[package]]
category = "dev"
description = "A flake8 plugin to help you write better list/set/dict comprehensions."
name = "flake8-comprehensions"
optional = false
python-versions = ">=3.5"
version = "2.2.0"

[package.dependencies]
flake8 = "!=3.2.0"

[[package]]
category = "dev"
description = "ipdb/pdb statement checker plugin for flake8"
name = "flake8-debugger"
optional = false
python-versions = "*"
version = "3.1.0"

[package.dependencies]
flake8 = ">=1.5"
pycodestyle = "*"

[[package]]
category = "dev"
description = "Extension for flake8 which uses pydocstyle to check docstrings"
name = "flake8-docstrings"
optional = false
python-versions = "*"
version = "1.5.0"

[package.dependencies]
flake8 = ">=3"
pydocstyle = ">=2.1"

[[package]]
category = "dev"
description = "Flake8 plugin to find commented out code"
name = "flake8-eradicate"
optional = false
python-versions = ">=3.6,<4.0"
version = "0.2.2"

[package.dependencies]
attrs = ">=18.2,<20.0"
eradicate = ">=0.2.1,<1.1.0"
flake8 = ">=3.5,<4.0"

[[package]]
category = "dev"
description = "A Flake8 plugin for checking executable permissions and shebangs."
name = "flake8-executable"
optional = false
python-versions = ">=3.6"
version = "2.0.3"

[package.dependencies]
flake8 = ">=3.0.0"

[[package]]
category = "dev"
description = "flake8 plugin that integrates isort ."
name = "flake8-isort"
optional = false
python-versions = "*"
version = "2.7.0"

[package.dependencies]
flake8 = ">=3.2.1"
isort = ">=4.3.0"
testfixtures = "*"

[[package]]
category = "dev"
description = "Flake8 extension to validate (lack of) logging format strings"
name = "flake8-logging-format"
optional = false
python-versions = "*"
version = "0.6.0"

[[package]]
category = "dev"
description = "Checks for old string formatting."
name = "flake8-pep3101"
optional = false
python-versions = "*"
version = "1.2.1"

[package.dependencies]
flake8 = ">=3.0"

[[package]]
category = "dev"
description = "Polyfill package for Flake8 plugins"
name = "flake8-polyfill"
optional = false
python-versions = "*"
version = "1.0.2"

[package.dependencies]
flake8 = "*"

[[package]]
category = "dev"
description = "print statement checker plugin for flake8"
name = "flake8-print"
optional = false
python-versions = "*"
version = "3.1.0"

[package.dependencies]
flake8 = ">=1.5"
pycodestyle = "*"
six = "*"

[[package]]
category = "dev"
description = "Flake8 lint for quotes."
name = "flake8-quotes"
optional = false
python-versions = "*"
version = "2.1.0"

[package.dependencies]
flake8 = "*"

[[package]]
category = "dev"
description = "Python docstring reStructuredText (RST) validator"
name = "flake8-rst-docstrings"
optional = false
python-versions = "*"
version = "0.0.11"

[package.dependencies]
flake8 = ">=3.0.0"
restructuredtext_lint = "*"

[[package]]
category = "dev"
description = "string format checker, plugin for flake8"
name = "flake8-string-format"
optional = false
python-versions = "*"
version = "0.2.3"

[package.dependencies]
flake8 = "*"

[[package]]
category = "dev"
description = "Git Object Database"
name = "gitdb2"
optional = false
python-versions = ">=2.7, !=3.0.*, !=3.1.*, !=3.2.*, !=3.3.*"
version = "2.0.6"

[package.dependencies]
smmap2 = ">=2.0.0"

[[package]]
category = "dev"
description = "Python Git Library"
name = "gitpython"
optional = false
python-versions = ">=3.0, !=3.0.*, !=3.1.*, !=3.2.*, !=3.3.*"
version = "3.0.3"

[package.dependencies]
gitdb2 = ">=2.0.0"

[[package]]
category = "main"
description = "WSGI HTTP Server for UNIX"
name = "gunicorn"
optional = false
python-versions = ">=2.6, !=3.0.*, !=3.1.*"
version = "19.9.0"

[[package]]
category = "main"
description = "Internationalized Domain Names in Applications (IDNA)"
name = "idna"
optional = false
python-versions = ">=2.7, !=3.0.*, !=3.1.*, !=3.2.*, !=3.3.*"
version = "2.8"

[[package]]
category = "dev"
description = "A Python utility / library to sort Python imports."
name = "isort"
optional = false
python-versions = ">=2.7, !=3.0.*, !=3.1.*, !=3.2.*, !=3.3.*"
version = "4.3.21"

[[package]]
category = "dev"
description = "Create Python CLI apps with little to no effort at all!"
name = "mando"
optional = false
python-versions = "*"
version = "0.6.4"

[package.dependencies]
six = "*"

[[package]]
category = "dev"
description = "McCabe checker, plugin for flake8"
name = "mccabe"
optional = false
python-versions = "*"
version = "0.6.1"

[[package]]
category = "dev"
description = "Python Build Reasonableness"
name = "pbr"
optional = false
python-versions = "*"
version = "5.4.3"

[[package]]
category = "dev"
description = "Check PEP-8 naming conventions, plugin for flake8"
name = "pep8-naming"
optional = false
python-versions = "*"
version = "0.8.2"

[package.dependencies]
flake8-polyfill = ">=1.0.2,<2"

[[package]]
category = "main"
description = "psycopg2 - Python-PostgreSQL Database Adapter"
name = "psycopg2-binary"
optional = false
python-versions = ">=2.7,!=3.0.*,!=3.1.*,!=3.2.*,!=3.3.*"
version = "2.8.3"

[[package]]
category = "dev"
description = "Python style guide checker"
name = "pycodestyle"
optional = false
python-versions = ">=2.7, !=3.0.*, !=3.1.*, !=3.2.*, !=3.3.*"
version = "2.5.0"

[[package]]
category = "dev"
description = "Python docstring style checker"
name = "pydocstyle"
optional = false
python-versions = ">=3.4"
version = "4.0.1"

[package.dependencies]
snowballstemmer = "*"

[[package]]
category = "dev"
description = "passive checker of Python programs"
name = "pyflakes"
optional = false
python-versions = ">=2.7, !=3.0.*, !=3.1.*, !=3.2.*, !=3.3.*"
version = "2.1.1"

[[package]]
category = "dev"
description = "Pygments is a syntax highlighting package written in Python."
name = "pygments"
optional = false
python-versions = ">=2.7, !=3.0.*, !=3.1.*, !=3.2.*, !=3.3.*, !=3.4.*"
version = "2.4.2"

[[package]]
category = "dev"
description = "Extensions to the standard Python datetime module"
name = "python-dateutil"
optional = false
python-versions = ">=2.7, !=3.0.*, !=3.1.*, !=3.2.*"
version = "2.8.0"

[package.dependencies]
six = ">=1.5"

[[package]]
category = "main"
description = "Add .env support to your django/flask apps in development and deployments"
name = "python-dotenv"
optional = false
python-versions = "*"
version = "0.10.3"

[[package]]
category = "main"
description = "World timezone definitions, modern and historical"
name = "pytz"
optional = false
python-versions = "*"
version = "2019.2"

[[package]]
category = "dev"
description = "YAML parser and emitter for Python"
name = "pyyaml"
optional = false
python-versions = ">=2.7, !=3.0.*, !=3.1.*, !=3.2.*, !=3.3.*"
version = "5.1.2"

[[package]]
category = "dev"
description = "Code Metrics in Python"
name = "radon"
optional = false
python-versions = "*"
version = "2.4.0"

[package.dependencies]
colorama = ">=0.3,<0.4"
flake8-polyfill = "*"
mando = ">=0.6,<0.7"

[[package]]
category = "main"
description = "Python HTTP for Humans."
name = "requests"
optional = false
python-versions = ">=2.7, !=3.0.*, !=3.1.*, !=3.2.*, !=3.3.*, !=3.4.*"
version = "2.22.0"

[package.dependencies]
certifi = ">=2017.4.17"
chardet = ">=3.0.2,<3.1.0"
idna = ">=2.5,<2.9"
urllib3 = ">=1.21.1,<1.25.0 || >1.25.0,<1.25.1 || >1.25.1,<1.26"

[[package]]
category = "dev"
description = "reStructuredText linter"
name = "restructuredtext-lint"
optional = false
python-versions = "*"
version = "1.3.0"

[package.dependencies]
docutils = ">=0.11,<1.0"

[[package]]
category = "dev"
description = "Python 2 and 3 compatibility utilities"
name = "six"
optional = false
python-versions = ">=2.6, !=3.0.*, !=3.1.*"
version = "1.12.0"

[[package]]
category = "dev"
description = "A pure Python implementation of a sliding window memory map manager"
name = "smmap2"
optional = false
python-versions = ">=2.7, !=3.0.*, !=3.1.*, !=3.2.*, !=3.3.*"
version = "2.0.5"

[[package]]
category = "dev"
description = "This package provides 26 stemmers for 25 languages generated from Snowball algorithms."
name = "snowballstemmer"
optional = false
python-versions = "*"
version = "2.0.0"

[[package]]
category = "main"
description = "A modern CSS selector implementation for Beautiful Soup."
name = "soupsieve"
optional = false
python-versions = "*"
version = "1.9.4"

[[package]]
category = "main"
description = "Non-validating SQL parser"
name = "sqlparse"
optional = false
python-versions = ">=2.7, !=3.0.*, !=3.1.*, !=3.2.*, !=3.3.*"
version = "0.3.0"

[[package]]
category = "dev"
description = "Manage dynamic plugins for Python applications"
name = "stevedore"
optional = false
python-versions = "*"
version = "1.31.0"

[package.dependencies]
pbr = ">=2.0.0,<2.1.0 || >2.1.0"
six = ">=1.10.0"

[[package]]
category = "dev"
description = "A collection of helpers and mock objects for unit tests and doc tests."
name = "testfixtures"
optional = false
python-versions = "*"
version = "6.10.0"

[[package]]
category = "dev"
description = "The most basic Text::Unidecode port"
name = "text-unidecode"
optional = false
python-versions = "*"
version = "1.3"

[[package]]
category = "dev"
description = "Type Hints for Python"
name = "typing"
optional = false
python-versions = "*"
version = "3.7.4.1"

[[package]]
category = "dev"
description = "Backported and Experimental Type Hints for Python 3.5+"
name = "typing-extensions"
optional = false
python-versions = "*"
version = "3.7.4"

[package.dependencies]
typing = ">=3.7.4"

[[package]]
category = "main"
description = "HTTP library with thread-safe connection pooling, file post, and more."
name = "urllib3"
optional = false
python-versions = ">=2.7, !=3.0.*, !=3.1.*, !=3.2.*, !=3.3.*, <4"
version = "1.25.6"

[[package]]
category = "dev"
description = "The strictest and most opinionated python linter ever"
name = "wemake-python-styleguide"
optional = false
python-versions = ">=3.6,<4.0"
version = "0.12.5"

[package.dependencies]
astor = ">=0.8,<0.9"
attrs = "*"
flake8 = ">=3.7,<4.0"
flake8-annotations-complexity = ">=0.0.2,<0.0.3"
flake8-bandit = ">=2.1,<3.0"
flake8-broken-line = ">=0.1,<0.2"
flake8-bugbear = ">=19.3,<20.0"
flake8-builtins = ">=1.4,<2.0"
flake8-coding = ">=1.3,<2.0"
flake8-commas = ">=2.0,<3.0"
flake8-comprehensions = ">=2.1,<3.0"
flake8-debugger = ">=3.1,<4.0"
flake8-docstrings = ">=1.3.1,<2.0.0"
flake8-eradicate = ">=0.2,<0.3"
flake8-executable = ">=2.0,<3.0"
flake8-isort = ">=2.6,<3.0"
flake8-logging-format = ">=0.6,<0.7"
flake8-pep3101 = ">=1.2,<2.0"
flake8-print = ">=3.1,<4.0"
flake8-quotes = ">=2.0.1,<3.0.0"
flake8-rst-docstrings = ">=0.0.11,<0.0.12"
flake8-string-format = ">=0.2,<0.3"
pep8-naming = ">=0.8.2,<0.9.0"
pygments = ">=2.4,<3.0"
radon = ">=2.4,<3.0"
typing_extensions = ">=3.6,<4.0"

[[package]]
category = "main"
description = "Radically simplified static file serving for WSGI applications"
name = "whitenoise"
optional = false
python-versions = "*"
version = "4.1.4"

[metadata]
content-hash = "b1c8abc7aba20dfad67a179020928b38b317a6f8883ae686a1f53c389f518b19"
python-versions = "^3.6"

[metadata.hashes]
astor = ["0e41295809baf43ae8303350e031aff81ae52189b6f881f36d623fa8b2f1960e", "37a6eed8b371f1228db08234ed7f6cfdc7817a3ed3824797e20cbb11dc2a7862"]
attrs = ["ec20e7a4825331c1b5ebf261d111e16fa9612c1f7a5e1f884f12bd53a664dfd2", "f913492e1663d3c36f502e5e9ba6cd13cf19d7fab50aa13239e420fef95e1396"]
bandit = ["336620e220cf2d3115877685e264477ff9d9abaeb0afe3dc7264f55fa17a3952", "41e75315853507aa145d62a78a2a6c5e3240fe14ee7c601459d0df9418196065"]
beautifulsoup4 = ["05668158c7b85b791c5abde53e50265e16f98ad601c402ba44d70f96c4159612", "25288c9e176f354bf277c0a10aa96c782a6a18a17122dba2e8cec4a97e03343b", "f040590be10520f2ea4c2ae8c3dae441c7cfff5308ec9d58a0ec0c1b8f81d469"]
certifi = ["e4f3620cfea4f83eedc95b24abd9cd56f3c4b146dd0177e83a21b4eb49e21e50", "fd7c7c74727ddcf00e9acd26bba8da604ffec95bf1c2144e67aff7a8b50e6cef"]
chardet = ["84ab92ed1c4d4f16916e05906b6b75a6c0fb5db821cc65e70cbd64a3e2a5eaae", "fc323ffcaeaed0e0a02bf4d117757b98aed530d9ed4531e3e15460124c106691"]
colorama = ["463f8483208e921368c9f306094eb6f725c6ca42b0f97e313cb5d5512459feda", "48eb22f4f8461b1df5734a074b57042430fb06e1d61bd1e11b078c0fe6d7a1f1"]
dj-database-url = ["4aeaeb1f573c74835b0686a2b46b85990571159ffc21aa57ecd4d1e1cb334163", "851785365761ebe4994a921b433062309eb882fedd318e1b0fcecc607ed02da9"]
django = ["a4ad4f6f9c6a4b7af7e2deec8d0cbff28501852e5010d6c2dc695d3d1fae7ca0", "fa98ec9cc9bf5d72a08ebf3654a9452e761fbb8566e3f80de199cbc15477e891"]
django-bootstrap4 = ["3da770392819267eda2f774bcf832460af00db21089b94caf4df94be8a48c48c"]
docutils = ["6c4f696463b79f1fb8ba0c594b63840ebd41f059e92b31957c46b74a4599b6d0", "9e4d7ecfc600058e07ba661411a2b7de2fd0fafa17d1a7f7361cd47b1175c827", "a2aeea129088da402665e92e0b25b04b073c04b2dce4ab65caaa38b7ce2e1a99"]
entrypoints = ["589f874b313739ad35be6e0cd7efde2a4e9b6fea91edcc34e58ecbb8dbe56d19", "c70dd71abe5a8c85e55e12c19bd91ccfeec11a6e99044204511f9ed547d48451"]
eradicate = ["4ffda82aae6fd49dfffa777a857cb758d77502a1f2e0f54c9ac5155a39d2d01a"]
faker = ["45cc9cca3de8beba5a2da3bd82a6e5544f53da1a702645c8485f682366c15026", "a6459ff518d1fc6ee2238a7209e6c899517872c7e1115510279033ffe6fe8ef3"]
flake8 = ["19241c1cbc971b9962473e4438a2ca19749a7dd002dd1a946eaba171b4114548", "8e9dfa3cecb2400b3738a42c54c3043e821682b9c840b0448c0503f781130696"]
flake8-annotations-complexity = ["e499d2186efcc5f6f2f1c7eb18568d08f4d9313fad15f614645f3f445f70b45c"]
flake8-bandit = ["52a67f453ba765398098b39a2273e138983b3499465ef39a12e8ee544c4598fc"]
flake8-broken-line = ["30378a3749911e453d0a9e03204156cbbd35bcc03fb89f12e6a5206e5baf3537", "7721725dce3aeee1df371a252822f1fcecfaf2766dcf5bac54ee1b3f779ee9d1"]
flake8-bugbear = ["d8c466ea79d5020cb20bf9f11cf349026e09517a42264f313d3f6fddb83e0571", "ded4d282778969b5ab5530ceba7aa1a9f1b86fa7618fc96a19a1d512331640f8"]
flake8-builtins = ["8d806360767947c0035feada4ddef3ede32f0a586ef457e62d811b8456ad9a51", "cd7b1b7fec4905386a3643b59f9ca8e305768da14a49a7efb31fe9364f33cd04"]
flake8-coding = ["79704112c44d09d4ab6c8965e76a20c3f7073d52146db60303bce777d9612260", "b8f4d5157a8f74670e6cfea732c3d9f4291a4e994c8701d2c55f787c6e6cb741"]
flake8-commas = ["d3005899466f51380387df7151fb59afec666a0f4f4a2c6a8995b975de0f44b7", "ee2141a3495ef9789a3894ed8802d03eff1eaaf98ce6d8653a7c573ef101935e"]
flake8-comprehensions = ["7b174ded3d7e73edf587e942458b6c1a7c3456d512d9c435deae367236b9562c", "e36fc12bd3833e0b34fe0639b7a817d32c86238987f532078c57eafdc7a8a219"]
flake8-debugger = ["be4fb88de3ee8f6dd5053a2d347e2c0a2b54bab6733a2280bb20ebd3c4ca1d97"]
flake8-docstrings = ["3d5a31c7ec6b7367ea6506a87ec293b94a0a46c0bce2bb4975b7f1d09b6f3717", "a256ba91bc52307bef1de59e2a009c3cf61c3d0952dbe035d6ff7208940c2edc"]
flake8-eradicate = ["3c18fe2d14c2e310c38d089f325e28680cd99fa676e7cd3725e498bfd4f52e5d", "f4270cc2584a73fb87bdcce044a198248e72d0253162a8a12333b2c427a18f51"]
flake8-executable = ["968618c475a23a538ced9b957a741b818d37610838f99f6abcea249e4de7c9ec", "a636ff78b14b63b1245d1c4d509db2f6ea0f2e27a86ee7eb848f3827bef7e16d"]
flake8-isort = ["1e67b6b90a9b980ac3ff73782087752d406ce0a729ed928b92797f9fa188917e", "81a8495eefed3f2f63f26cd2d766c7b1191e923a15b9106e6233724056572c68"]
flake8-logging-format = ["ca5f2b7fc31c3474a0aa77d227e022890f641a025f0ba664418797d979a779f8"]
flake8-pep3101 = ["493821d6bdd083794eb0691ebe5b68e5c520b622b269d60e54308fb97440e21a", "b661ab718df42b87743dde266ef5de4f9e900b56c67dbccd45d24cf527545553"]
flake8-polyfill = ["12be6a34ee3ab795b19ca73505e7b55826d5f6ad7230d31b18e106400169b9e9", "e44b087597f6da52ec6393a709e7108b2905317d0c0b744cdca6208e670d8eda"]
flake8-print = ["5010e6c138b63b62400da4b06afa33becc5e08bd1fcce9af3752445cf3342f54"]
flake8-quotes = ["5dbaf668887873f28346fb87943d6da2e4b9f77ce9f2169cff21764a0a4934ed"]
flake8-rst-docstrings = ["a2fa35c6ef978422234afae8c345f23ff721571d43f2895e29817e94be92dd6c"]
flake8-string-format = ["68ea72a1a5b75e7018cae44d14f32473c798cf73d75cbaed86c6a9a907b770b2", "774d56103d9242ed968897455ef49b7d6de272000cfa83de5814273a868832f1"]
gitdb2 = ["1b6df1433567a51a4a9c1a5a0de977aa351a405cc56d7d35f3388bad1f630350", "96bbb507d765a7f51eb802554a9cfe194a174582f772e0d89f4e87288c288b7b"]
gitpython = ["631263cc670aa56ce3d3c414cf0fe2e840f2e913514b138ea28d88a477bbcd21", "6e97b9f0954807f30c2dd8e3165731ed6c477a1b365f194b69d81d7940a08332"]
gunicorn = ["aa8e0b40b4157b36a5df5e599f45c9c76d6af43845ba3b3b0efe2c70473c2471", "fa2662097c66f920f53f70621c6c58ca4a3c4d3434205e608e121b5b3b71f4f3"]
idna = ["c357b3f628cf53ae2c4c05627ecc484553142ca23264e593d327bcde5e9c3407", "ea8b7f6188e6fa117537c3df7da9fc686d485087abf6ac197f9c46432f7e4a3c"]
isort = ["54da7e92468955c4fceacd0c86bd0ec997b0e1ee80d97f67c35a78b719dccab1", "6e811fcb295968434526407adb8796944f1988c5b65e8139058f2014cbe100fd"]
mando = ["4ce09faec7e5192ffc3c57830e26acba0fd6cd11e1ee81af0d4df0657463bd1c", "79feb19dc0f097daa64a1243db578e7674909b75f88ac2220f1c065c10a0d960"]
mccabe = ["ab8a6258860da4b6677da4bd2fe5dc2c659cff31b3ee4f7f5d64e79735b80d42", "dd8d182285a0fe56bace7f45b5e7d1a6ebcbf524e8f3bd87eb0f125271b8831f"]
pbr = ["2c8e420cd4ed4cec4e7999ee47409e876af575d4c35a45840d59e8b5f3155ab8", "b32c8ccaac7b1a20c0ce00ce317642e6cf231cf038f9875e0280e28af5bf7ac9"]
pep8-naming = ["01cb1dab2f3ce9045133d08449f1b6b93531dceacb9ef04f67087c11c723cea9", "0ec891e59eea766efd3059c3d81f1da304d858220678bdc351aab73c533f2fbb"]
psycopg2-binary = ["080c72714784989474f97be9ab0ddf7b2ad2984527e77f2909fcd04d4df53809", "110457be80b63ff4915febb06faa7be002b93a76e5ba19bf3f27636a2ef58598", "171352a03b22fc099f15103959b52ee77d9a27e028895d7e5fde127aa8e3bac5", "19d013e7b0817087517a4b3cab39c084d78898369e5c46258aab7be4f233d6a1", "249b6b21ae4eb0f7b8423b330aa80fab5f821b9ffc3f7561a5e2fd6bb142cf5d", "2ac0731d2d84b05c7bb39e85b7e123c3a0acd4cda631d8d542802c88deb9e87e", "2b6d561193f0dc3f50acfb22dd52ea8c8dfbc64bcafe3938b5f209cc17cb6f00", "2bd23e242e954214944481124755cbefe7c2cf563b1a54cd8d196d502f2578bf", "3e1239242ca60b3725e65ab2f13765fc199b03af9eaf1b5572f0e97bdcee5b43", "3eb70bb697abbe86b1d2b1316370c02ba320bfd1e9e35cf3b9566a855ea8e4e5", "51a2fc7e94b98bd1bb5d4570936f24fc2b0541b63eccadf8fdea266db8ad2f70", "52f1bdafdc764b7447e393ed39bb263eccb12bfda25a4ac06d82e3a9056251f6", "5b3581319a3951f1e866f4f6c5e42023db0fae0284273b82e97dfd32c51985cd", "63c1b66e3b2a3a336288e4bcec499e0dc310cd1dceaed1c46fa7419764c68877", "8123a99f24ecee469e5c1339427bcdb2a33920a18bb5c0d58b7c13f3b0298ba3", "85e699fcabe7f817c0f0a412d4e7c6627e00c412b418da7666ff353f38e30f67", "8dbff4557bbef963697583366400822387cccf794ccb001f1f2307ed21854c68", "908d21d08d6b81f1b7e056bbf40b2f77f8c499ab29e64ec5113052819ef1c89b", "af39d0237b17d0a5a5f638e9dffb34013ce2b1d41441fd30283e42b22d16858a", "af51bb9f055a3f4af0187149a8f60c9d516cf7d5565b3dac53358796a8fb2a5b", "b2ecac57eb49e461e86c092761e6b8e1fd9654dbaaddf71a076dcc869f7014e2", "cd37cc170678a4609becb26b53a2bc1edea65177be70c48dd7b39a1149cabd6e", "d17e3054b17e1a6cb8c1140f76310f6ede811e75b7a9d461922d2c72973f583e", "d305313c5a9695f40c46294d4315ed3a07c7d2b55e48a9010dad7db7a66c8b7f", "dd0ef0eb1f7dd18a3f4187226e226a7284bda6af5671937a221766e6ef1ee88f", "e1adff53b56db9905db48a972fb89370ad5736e0450b96f91bcf99cadd96cfd7", "f0d43828003c82dbc9269de87aa449e9896077a71954fbbb10a614c017e65737", "f78e8b487de4d92640105c1389e5b90be3496b1d75c90a666edd8737cc2dbab7"]
pycodestyle = ["95a2219d12372f05704562a14ec30bc76b05a5b297b21a5dfe3f6fac3491ae56", "e40a936c9a450ad81df37f549d676d127b1b66000a6c500caa2b085bc0ca976c"]
pydocstyle = ["04c84e034ebb56eb6396c820442b8c4499ac5eb94a3bda88951ac3dc519b6058", "66aff87ffe34b1e49bff2dd03a88ce6843be2f3346b0c9814410d34987fbab59"]
pyflakes = ["17dbeb2e3f4d772725c777fabc446d5634d1038f234e77343108ce445ea69ce0", "d976835886f8c5b31d47970ed689944a0262b5f3afa00a5a7b4dc81e5449f8a2"]
pygments = ["71e430bc85c88a430f000ac1d9b331d2407f681d6f6aec95e8bcfbc3df5b0127", "881c4c157e45f30af185c1ffe8d549d48ac9127433f2c380c24b84572ad66297"]
python-dateutil = ["7e6584c74aeed623791615e26efd690f29817a27c73085b78e4bad02493df2fb", "c89805f6f4d64db21ed966fda138f8a5ed7a4fdbc1a8ee329ce1b74e3c74da9e"]
python-dotenv = ["debd928b49dbc2bf68040566f55cdb3252458036464806f4094487244e2a4093", "f157d71d5fec9d4bd5f51c82746b6344dffa680ee85217c123f4a0c8117c4544"]
pytz = ["26c0b32e437e54a18161324a2fca3c4b9846b74a8dccddd843113109e1116b32", "c894d57500a4cd2d5c71114aaab77dbab5eabd9022308ce5ac9bb93a60a6f0c7"]
pyyaml = ["0113bc0ec2ad727182326b61326afa3d1d8280ae1122493553fd6f4397f33df9", "01adf0b6c6f61bd11af6e10ca52b7d4057dd0be0343eb9283c878cf3af56aee4", "5124373960b0b3f4aa7df1707e63e9f109b5263eca5976c66e08b1c552d4eaf8", "5ca4f10adbddae56d824b2c09668e91219bb178a1eee1faa56af6f99f11bf696", "7907be34ffa3c5a32b60b95f4d95ea25361c951383a894fec31be7252b2b6f34", "7ec9b2a4ed5cad025c2278a1e6a19c011c80a3caaac804fd2d329e9cc2c287c9", "87ae4c829bb25b9fe99cf71fbb2140c448f534e24c998cc60f39ae4f94396a73", "9de9919becc9cc2ff03637872a440195ac4241c80536632fffeb6a1e25a74299", "a5a85b10e450c66b49f98846937e8cfca1db3127a9d5d1e31ca45c3d0bef4c5b", "b0997827b4f6a7c286c01c5f60384d218dca4ed7d9efa945c3e1aa623d5709ae", "b631ef96d3222e62861443cc89d6563ba3eeb816eeb96b2629345ab795e53681", "bf47c0607522fdbca6c9e817a6e81b08491de50f3766a7a0e6a5be7905961b41", "f81025eddd0327c7d4cfe9b62cf33190e1e736cc6e97502b3ec425f574b3e7a8"]
radon = ["38e495a4aa4c1d7293d3c1733393961fb52209c9bc2d75163c3ba8124d8bbbaa", "f893f2faa632a060f6d0f01843d10a0395515bde865c759c0dd3f15239caf11b"]
requests = ["11e007a8a2aa0323f5a921e9e6a2d7e4e67d9877e85773fba9ba6419025cbeb4", "9cf5292fcd0f598c671cfc1e0d7d1a7f13bb8085e9a590f48c010551dc6c4b31"]
restructuredtext-lint = ["97b3da356d5b3a8514d8f1f9098febd8b41463bed6a1d9f126cf0a048b6fd908"]
six = ["3350809f0555b11f552448330d0b52d5f24c91a322ea4a15ef22629740f3761c", "d16a0141ec1a18405cd4ce8b4613101da75da0e9a7aec5bdd4fa804d0e0eba73"]
smmap2 = ["0555a7bf4df71d1ef4218e4807bbf9b201f910174e6e08af2e138d4e517b4dde", "29a9ffa0497e7f2be94ca0ed1ca1aa3cd4cf25a1f6b4f5f87f74b46ed91d609a"]
snowballstemmer = ["209f257d7533fdb3cb73bdbd24f436239ca3b2fa67d56f6ff88e86be08cc5ef0", "df3bac3df4c2c01363f3dd2cfa78cce2840a79b9f1c2d2de9ce8d31683992f52"]
soupsieve = ["605f89ad5fdbfefe30cdc293303665eff2d188865d4dbe4eb510bba1edfbfce3", "b91d676b330a0ebd5b21719cb6e9b57c57d433671f65b9c28dd3461d9a1ed0b6"]
sqlparse = ["40afe6b8d4b1117e7dff5504d7a8ce07d9a1b15aeeade8a2d10f130a834f8177", "7c3dca29c022744e95b547e867cee89f4fce4373f3549ccd8797d8eb52cdb873"]
stevedore = ["01d9f4beecf0fbd070ddb18e5efb10567801ba7ef3ddab0074f54e3cd4e91730", "e0739f9739a681c7a1fda76a102b65295e96a144ccdb552f2ae03c5f0abe8a14"]
testfixtures = ["665a298976c8d77f311b65c46f16b7cda7229a47dff5ad7c822e5b3371a439e2", "9d230c5c80746f9f86a16a1f751a5cf5d8e317d4cc48243a19fb180d22303bce"]
text-unidecode = ["1311f10e8b895935241623731c2ba64f4c455287888b18189350b67134a822e8", "bad6603bb14d279193107714b288be206cac565dfa49aa5b105294dd5c4aab93"]
typing = ["91dfe6f3f706ee8cc32d38edbbf304e9b7583fb37108fef38229617f8b3eba23", "c8cabb5ab8945cd2f54917be357d134db9cc1eb039e59d1606dc1e60cb1d9d36", "f38d83c5a7a7086543a0f649564d661859c5146a85775ab90c0d2f93ffaa9714"]
typing-extensions = ["2ed632b30bb54fc3941c382decfd0ee4148f5c591651c9272473fea2c6397d95", "b1edbbf0652660e32ae780ac9433f4231e7339c7f9a8057d0f042fcbcea49b87", "d8179012ec2c620d3791ca6fe2bf7979d979acdbef1fca0bc56b37411db682ed"]
urllib3 = ["3de946ffbed6e6746608990594d08faac602528ac7015ac28d33cee6a45b7398", "9a107b99a5393caf59c7aa3c1249c16e6879447533d0887f4336dde834c7be86"]
wemake-python-styleguide = ["6b915c03640aab209970e10ed2b4d66de5978ad533b30b69d7b5e2956de15eaa", "6dd62183cb227b5e5ad96d17b12b08fcebd22802cde6e5fb7e21bd73c3f69a20"]
whitenoise = ["22f79cf8f1f509639330f93886acaece8ec5ac5e9600c3b981d33c34e8a42dfd", "6dfea214b7c12efd689007abf9afa87a426586e9dbc051873ad2c8e535e2a1ac"]
