[[package]]
category = "main"
description = "ASGI specs, helper code, and adapters"
name = "asgiref"
optional = false
python-versions = ">=3.5"
version = "3.2.7"

[package.extras]
tests = ["pytest (>=4.3.0,<4.4.0)", "pytest-asyncio (>=0.10.0,<0.11.0)"]

[[package]]
category = "dev"
description = "Read/rewrite/write Python ASTs"
name = "astor"
optional = false
python-versions = "!=3.0.*,!=3.1.*,!=3.2.*,!=3.3.*,>=2.7"
version = "0.8.1"

[[package]]
category = "dev"
description = "Classes Without Boilerplate"
name = "attrs"
optional = false
python-versions = ">=2.7, !=3.0.*, !=3.1.*, !=3.2.*, !=3.3.*"
version = "19.3.0"

[package.extras]
azure-pipelines = ["coverage", "hypothesis", "pympler", "pytest (>=4.3.0)", "six", "zope.interface", "pytest-azurepipelines"]
dev = ["coverage", "hypothesis", "pympler", "pytest (>=4.3.0)", "six", "zope.interface", "sphinx", "pre-commit"]
docs = ["sphinx", "zope.interface"]
tests = ["coverage", "hypothesis", "pympler", "pytest (>=4.3.0)", "six", "zope.interface"]

[[package]]
category = "dev"
description = "Security oriented static analyser for python code."
name = "bandit"
optional = false
python-versions = "*"
version = "1.6.2"

[package.dependencies]
GitPython = ">=1.0.1"
PyYAML = ">=3.13"
colorama = ">=0.3.9"
six = ">=1.10.0"
stevedore = ">=1.20.0"

[[package]]
category = "main"
description = "Screen-scraping library"
name = "beautifulsoup4"
optional = false
python-versions = "*"
version = "4.8.2"

[package.dependencies]
soupsieve = ">=1.2"

[package.extras]
html5lib = ["html5lib"]
lxml = ["lxml"]

[[package]]
category = "main"
description = "Python package for providing Mozilla's CA Bundle."
name = "certifi"
optional = false
python-versions = "*"
version = "2019.11.28"

[[package]]
category = "main"
description = "Universal encoding detector for Python 2 and 3"
name = "chardet"
optional = false
python-versions = "*"
version = "3.0.4"

[[package]]
category = "dev"
description = "Library to calculate Python functions cognitive complexity via code"
name = "cognitive-complexity"
optional = false
python-versions = ">=3.6"
version = "0.0.4"

[package.dependencies]
setuptools = "*"

[[package]]
category = "dev"
description = "Cross-platform colored terminal text."
name = "colorama"
optional = false
python-versions = ">=2.7, !=3.0.*, !=3.1.*, !=3.2.*, !=3.3.*"
version = "0.4.1"

[[package]]
category = "dev"
description = "A utility for ensuring Google-style docstrings stay up to date with the source code."
name = "darglint"
optional = false
python-versions = ">=3.5"
version = "1.2.0"

[[package]]
category = "main"
description = "Use Database URLs in your Django Application."
name = "dj-database-url"
optional = false
python-versions = "*"
version = "0.5.0"

[[package]]
category = "main"
description = "A high-level Python Web framework that encourages rapid development and clean, pragmatic design."
name = "django"
optional = false
python-versions = ">=3.6"
version = "3.0.5"

[package.dependencies]
asgiref = ">=3.2,<4.0"
pytz = "*"
sqlparse = ">=0.2.2"

[package.extras]
argon2 = ["argon2-cffi (>=16.1.0)"]
bcrypt = ["bcrypt"]

[[package]]
category = "main"
description = "Bootstrap support for Django projects"
name = "django-bootstrap4"
optional = false
python-versions = "*"
version = "1.1.1"

[package.dependencies]
beautifulsoup4 = "*"

[[package]]
category = "dev"
description = "Docutils -- Python Documentation Utilities"
name = "docutils"
optional = false
python-versions = ">=2.7, !=3.0.*, !=3.1.*, !=3.2.*, !=3.3.*, !=3.4.*"
version = "0.16"

[[package]]
category = "dev"
description = "Discover and load entry points from installed packages."
name = "entrypoints"
optional = false
python-versions = ">=2.7"
version = "0.3"

[[package]]
category = "dev"
description = "Removes commented-out code."
name = "eradicate"
optional = false
python-versions = "*"
version = "1.0"

[[package]]
category = "dev"
description = "Faker is a Python package that generates fake data for you."
name = "faker"
optional = false
python-versions = ">=2.7, !=3.0.*, !=3.1.*, !=3.2.*, !=3.3.*, !=3.4.*"
version = "2.0.5"

[package.dependencies]
python-dateutil = ">=2.4"
six = ">=1.10"
text-unidecode = "1.3"

[[package]]
category = "dev"
description = "the modular source code checker: pep8, pyflakes and co"
name = "flake8"
optional = false
python-versions = ">=2.7, !=3.0.*, !=3.1.*, !=3.2.*, !=3.3.*"
version = "3.7.9"

[package.dependencies]
entrypoints = ">=0.3.0,<0.4.0"
mccabe = ">=0.6.0,<0.7.0"
pycodestyle = ">=2.5.0,<2.6.0"
pyflakes = ">=2.1.0,<2.2.0"

[[package]]
category = "dev"
description = "A flake8 extension that checks for type annotations complexity"
name = "flake8-annotations-complexity"
optional = false
python-versions = "*"
version = "0.0.2"

[package.dependencies]
setuptools = "*"

[[package]]
category = "dev"
description = "Automated security testing with bandit and flake8."
name = "flake8-bandit"
optional = false
python-versions = "*"
version = "2.1.2"

[package.dependencies]
bandit = "*"
flake8 = "*"
flake8-polyfill = "*"
pycodestyle = "*"

[[package]]
category = "dev"
description = "Flake8 plugin to forbid backslashes for line breaks"
name = "flake8-broken-line"
optional = false
python-versions = ">=3.6,<4.0"
version = "0.1.1"

[package.dependencies]
flake8 = ">=3.5,<4.0"

[[package]]
category = "dev"
description = "A plugin for flake8 finding likely bugs and design problems in your program. Contains warnings that don't belong in pyflakes and pycodestyle."
name = "flake8-bugbear"
optional = false
python-versions = ">=3.5"
version = "19.8.0"

[package.dependencies]
attrs = "*"
flake8 = ">=3.0.0"

[[package]]
category = "dev"
description = "Check for python builtins being used as variables or parameters."
name = "flake8-builtins"
optional = false
python-versions = "*"
version = "1.5.2"

[package.dependencies]
flake8 = "*"

[package.extras]
test = ["coverage", "coveralls", "mock", "pytest", "pytest-cov"]

[[package]]
category = "dev"
description = "Adds coding magic comment checks to flake8"
name = "flake8-coding"
optional = false
python-versions = "*"
version = "1.3.2"

[package.dependencies]
flake8 = "*"

[[package]]
category = "dev"
description = "Flake8 lint for trailing commas."
name = "flake8-commas"
optional = false
python-versions = "*"
version = "2.0.0"

[package.dependencies]
flake8 = ">=2,<4.0.0"

[[package]]
category = "dev"
description = "A flake8 plugin to help you write better list/set/dict comprehensions."
name = "flake8-comprehensions"
optional = false
python-versions = ">=3.5"
version = "3.2.2"

[package.dependencies]
flake8 = ">=3.0,<3.2.0 || >3.2.0,<4"

[package.dependencies.importlib-metadata]
python = "<3.8"
version = "*"

[[package]]
category = "dev"
description = "ipdb/pdb statement checker plugin for flake8"
name = "flake8-debugger"
optional = false
python-versions = "*"
version = "3.2.1"

[package.dependencies]
flake8 = ">=1.5"
pycodestyle = "*"

[[package]]
category = "dev"
description = "Extension for flake8 which uses pydocstyle to check docstrings"
name = "flake8-docstrings"
optional = false
python-versions = "*"
version = "1.5.0"

[package.dependencies]
flake8 = ">=3"
pydocstyle = ">=2.1"

[[package]]
category = "dev"
description = "Flake8 plugin to find commented out code"
name = "flake8-eradicate"
optional = false
python-versions = ">=3.6,<4.0"
version = "0.2.4"

[package.dependencies]
attrs = ">=18.2,<20.0"
eradicate = ">=0.2.1,<1.1.0"
flake8 = ">=3.5,<4.0"

[[package]]
category = "dev"
description = "A Flake8 plugin for checking executable permissions and shebangs."
name = "flake8-executable"
optional = false
python-versions = ">=3.6"
version = "2.0.3"

[package.dependencies]
flake8 = ">=3.0.0"

[[package]]
category = "dev"
description = "flake8 plugin that integrates isort ."
name = "flake8-isort"
optional = false
python-versions = "*"
version = "2.9.1"

[package.dependencies]
flake8 = ">=3.2.1"
testfixtures = "*"

[package.dependencies.isort]
extras = ["pyproject"]
version = ">=4.3.5"

[package.extras]
test = ["pytest"]

[[package]]
category = "dev"
description = "Flake8 extension to validate (lack of) logging format strings"
name = "flake8-logging-format"
optional = false
python-versions = "*"
version = "0.6.0"

[[package]]
category = "dev"
description = "Checks for old string formatting."
name = "flake8-pep3101"
optional = false
python-versions = "*"
version = "1.3.0"

[package.dependencies]
flake8 = ">=3.0"

[package.extras]
test = ["pytest", "testfixtures"]

[[package]]
category = "dev"
description = "Polyfill package for Flake8 plugins"
name = "flake8-polyfill"
optional = false
python-versions = "*"
version = "1.0.2"

[package.dependencies]
flake8 = "*"

[[package]]
category = "dev"
description = "print statement checker plugin for flake8"
name = "flake8-print"
optional = false
python-versions = "*"
version = "3.1.4"

[package.dependencies]
flake8 = ">=1.5"
pycodestyle = "*"
six = "*"

[[package]]
category = "dev"
description = "Flake8 lint for quotes."
name = "flake8-quotes"
optional = false
python-versions = "*"
version = "2.1.2"

[package.dependencies]
flake8 = "*"

[[package]]
category = "dev"
description = "Python docstring reStructuredText (RST) validator"
name = "flake8-rst-docstrings"
optional = false
python-versions = "*"
version = "0.0.12"

[package.dependencies]
flake8 = ">=3.0.0"
restructuredtext_lint = "*"

[[package]]
category = "dev"
description = "string format checker, plugin for flake8"
name = "flake8-string-format"
optional = false
python-versions = "*"
version = "0.2.3"

[package.dependencies]
flake8 = "*"

[[package]]
category = "dev"
description = "Clean single-source support for Python 3 and 2"
name = "future"
optional = false
python-versions = ">=2.6, !=3.0.*, !=3.1.*, !=3.2.*"
version = "0.18.2"

[[package]]
category = "dev"
description = "Git Object Database"
name = "gitdb"
optional = false
python-versions = ">=3.4"
version = "4.0.2"

[package.dependencies]
smmap = ">=3.0.1,<4"

[[package]]
category = "dev"
description = "Python Git Library"
name = "gitpython"
optional = false
python-versions = ">=3.4"
version = "3.1.0"

[package.dependencies]
gitdb = ">=4.0.1,<5"

[[package]]
category = "main"
description = "WSGI HTTP Server for UNIX"
name = "gunicorn"
optional = false
python-versions = ">=3.4"
version = "20.0.4"

[package.dependencies]
setuptools = ">=3.0"

[package.extras]
eventlet = ["eventlet (>=0.9.7)"]
gevent = ["gevent (>=0.13)"]
setproctitle = ["setproctitle"]
tornado = ["tornado (>=0.2)"]

[[package]]
category = "main"
description = "Internationalized Domain Names in Applications (IDNA)"
name = "idna"
optional = false
python-versions = ">=2.7, !=3.0.*, !=3.1.*, !=3.2.*, !=3.3.*"
version = "2.9"

[[package]]
category = "dev"
description = "Read metadata from Python packages"
marker = "python_version < \"3.8\""
name = "importlib-metadata"
optional = false
python-versions = "!=3.0.*,!=3.1.*,!=3.2.*,!=3.3.*,!=3.4.*,>=2.7"
version = "1.6.0"

[package.dependencies]
zipp = ">=0.5"

[package.extras]
docs = ["sphinx", "rst.linker"]
testing = ["packaging", "importlib-resources"]

[[package]]
category = "dev"
description = "A Python utility / library to sort Python imports."
name = "isort"
optional = false
python-versions = ">=2.7, !=3.0.*, !=3.1.*, !=3.2.*, !=3.3.*"
version = "4.3.21"

[package.dependencies]
[package.dependencies.toml]
optional = true
version = "*"

[package.extras]
pipfile = ["pipreqs", "requirementslib"]
pyproject = ["toml"]
requirements = ["pipreqs", "pip-api"]
xdg_home = ["appdirs (>=1.4.0)"]

[[package]]
category = "dev"
description = "Create Python CLI apps with little to no effort at all!"
name = "mando"
optional = false
python-versions = "*"
version = "0.6.4"

[package.dependencies]
six = "*"

[package.extras]
restructuredText = ["rst2ansi"]

[[package]]
category = "dev"
description = "McCabe checker, plugin for flake8"
name = "mccabe"
optional = false
python-versions = "*"
version = "0.6.1"

[[package]]
category = "dev"
description = "Python Build Reasonableness"
name = "pbr"
optional = false
python-versions = "*"
version = "5.4.4"

[[package]]
category = "dev"
description = "Check PEP-8 naming conventions, plugin for flake8"
name = "pep8-naming"
optional = false
python-versions = "*"
version = "0.9.1"

[package.dependencies]
flake8-polyfill = ">=1.0.2,<2"

[[package]]
category = "main"
description = "psycopg2 - Python-PostgreSQL Database Adapter"
name = "psycopg2"
optional = false
python-versions = ">=2.7,!=3.0.*,!=3.1.*,!=3.2.*,!=3.3.*"
version = "2.8.4"

[[package]]
category = "dev"
description = "Python style guide checker"
name = "pycodestyle"
optional = false
python-versions = ">=2.7, !=3.0.*, !=3.1.*, !=3.2.*, !=3.3.*"
version = "2.5.0"

[[package]]
category = "dev"
description = "Python docstring style checker"
name = "pydocstyle"
optional = false
python-versions = ">=3.5"
version = "5.0.2"

[package.dependencies]
snowballstemmer = "*"

[[package]]
category = "dev"
description = "passive checker of Python programs"
name = "pyflakes"
optional = false
python-versions = ">=2.7, !=3.0.*, !=3.1.*, !=3.2.*, !=3.3.*"
version = "2.1.1"

[[package]]
category = "dev"
description = "Pygments is a syntax highlighting package written in Python."
name = "pygments"
optional = false
python-versions = ">=3.5"
version = "2.6.1"

[[package]]
category = "main"
description = "Extensions to the standard Python datetime module"
name = "python-dateutil"
optional = false
python-versions = "!=3.0.*,!=3.1.*,!=3.2.*,>=2.7"
version = "2.8.1"

[package.dependencies]
six = ">=1.5"

[[package]]
category = "main"
description = "Add .env support to your django/flask apps in development and deployments"
name = "python-dotenv"
optional = false
python-versions = "*"
version = "0.12.0"

[package.extras]
cli = ["click (>=5.0)"]

[[package]]
category = "main"
description = "World timezone definitions, modern and historical"
name = "pytz"
optional = false
python-versions = "*"
version = "2019.3"

[[package]]
category = "dev"
description = "YAML parser and emitter for Python"
name = "pyyaml"
optional = false
python-versions = ">=2.7, !=3.0.*, !=3.1.*, !=3.2.*, !=3.3.*, !=3.4.*"
version = "5.3.1"

[[package]]
category = "dev"
description = "Code Metrics in Python"
name = "radon"
optional = false
python-versions = "*"
version = "4.1.0"

[package.dependencies]
colorama = "0.4.1"
flake8-polyfill = "*"
future = "*"
mando = ">=0.6,<0.7"

[[package]]
category = "main"
description = "Python HTTP for Humans."
name = "requests"
optional = false
python-versions = ">=2.7, !=3.0.*, !=3.1.*, !=3.2.*, !=3.3.*, !=3.4.*"
version = "2.23.0"

[package.dependencies]
certifi = ">=2017.4.17"
chardet = ">=3.0.2,<4"
idna = ">=2.5,<3"
urllib3 = ">=1.21.1,<1.25.0 || >1.25.0,<1.25.1 || >1.25.1,<1.26"

[package.extras]
security = ["pyOpenSSL (>=0.14)", "cryptography (>=1.3.4)"]
socks = ["PySocks (>=1.5.6,<1.5.7 || >1.5.7)", "win-inet-pton"]

[[package]]
category = "dev"
description = "reStructuredText linter"
name = "restructuredtext-lint"
optional = false
python-versions = "*"
version = "1.3.0"

[package.dependencies]
docutils = ">=0.11,<1.0"

[[package]]
category = "main"
description = "Python 2 and 3 compatibility utilities"
name = "six"
optional = false
python-versions = ">=2.7, !=3.0.*, !=3.1.*, !=3.2.*"
version = "1.14.0"

[[package]]
category = "dev"
description = "A pure Python implementation of a sliding window memory map manager"
name = "smmap"
optional = false
python-versions = ">=2.7, !=3.0.*, !=3.1.*, !=3.2.*, !=3.3.*"
version = "3.0.1"

[[package]]
category = "dev"
description = "This package provides 26 stemmers for 25 languages generated from Snowball algorithms."
name = "snowballstemmer"
optional = false
python-versions = "*"
version = "2.0.0"

[[package]]
category = "main"
description = "A modern CSS selector implementation for Beautiful Soup."
name = "soupsieve"
optional = false
python-versions = ">=3.5"
version = "2.0"

[[package]]
category = "main"
description = "Non-validating SQL parser"
name = "sqlparse"
optional = false
python-versions = ">=2.7, !=3.0.*, !=3.1.*, !=3.2.*, !=3.3.*"
version = "0.3.1"

[[package]]
category = "dev"
description = "Manage dynamic plugins for Python applications"
name = "stevedore"
optional = false
python-versions = "*"
version = "1.32.0"

[package.dependencies]
pbr = ">=2.0.0,<2.1.0 || >2.1.0"
six = ">=1.10.0"

[[package]]
category = "dev"
description = "A collection of helpers and mock objects for unit tests and doc tests."
name = "testfixtures"
optional = false
python-versions = "*"
version = "6.14.0"

[package.extras]
build = ["setuptools-git", "wheel", "twine"]
docs = ["sphinx", "zope.component", "sybil", "twisted", "mock", "django (<2)", "django"]
test = ["pytest (>=3.6)", "pytest-cov", "pytest-django", "zope.component", "sybil", "twisted", "mock", "django (<2)", "django"]

[[package]]
category = "dev"
description = "The most basic Text::Unidecode port"
name = "text-unidecode"
optional = false
python-versions = "*"
version = "1.3"

[[package]]
category = "dev"
description = "Python Library for Tom's Obvious, Minimal Language"
name = "toml"
optional = false
python-versions = "*"
version = "0.10.0"

[[package]]
category = "dev"
description = "Backported and Experimental Type Hints for Python 3.5+"
name = "typing-extensions"
optional = false
python-versions = "*"
version = "3.7.4.2"

[[package]]
category = "main"
description = "HTTP library with thread-safe connection pooling, file post, and more."
name = "urllib3"
optional = false
python-versions = ">=2.7, !=3.0.*, !=3.1.*, !=3.2.*, !=3.3.*, !=3.4.*, <4"
version = "1.25.8"

[package.extras]
brotli = ["brotlipy (>=0.6.0)"]
secure = ["pyOpenSSL (>=0.14)", "cryptography (>=1.3.4)", "idna (>=2.0.0)", "certifi", "ipaddress"]
socks = ["PySocks (>=1.5.6,<1.5.7 || >1.5.7,<2.0)"]

[[package]]
category = "dev"
description = "The strictest and most opinionated python linter ever"
name = "wemake-python-styleguide"
optional = false
python-versions = ">=3.6,<4.0"
version = "0.13.4"

[package.dependencies]
astor = ">=0.8,<0.9"
attrs = "*"
cognitive_complexity = ">=0.0.4,<0.0.5"
darglint = ">=1.1,<2.0"
flake8 = ">=3.7,<4.0"
flake8-annotations-complexity = ">=0.0.2,<0.0.3"
flake8-bandit = ">=2.1,<3.0"
flake8-broken-line = ">=0.1,<0.2"
flake8-bugbear = ">=19.3,<20.0"
flake8-builtins = ">=1.4.2,<2.0.0"
flake8-coding = ">=1.3,<2.0"
flake8-commas = ">=2.0,<3.0"
flake8-comprehensions = ">=3.1.0,<4.0.0"
flake8-debugger = ">=3.1,<4.0"
flake8-docstrings = ">=1.3.1,<2.0.0"
flake8-eradicate = ">=0.2,<0.3"
flake8-executable = ">=2.0,<3.0"
flake8-isort = ">=2.6,<3.0"
flake8-logging-format = ">=0.6,<0.7"
flake8-pep3101 = ">=1.2,<2.0"
flake8-print = ">=3.1.4,<4.0.0"
flake8-quotes = ">=2.0.1,<3.0.0"
flake8-rst-docstrings = ">=0.0.12,<0.0.13"
flake8-string-format = ">=0.2,<0.3"
pep8-naming = ">=0.9.1,<0.10.0"
pygments = ">=2.4,<3.0"
radon = ">=4.0,<5.0"
typing_extensions = ">=3.6,<4.0"

[[package]]
category = "main"
description = "Radically simplified static file serving for WSGI applications"
name = "whitenoise"
optional = false
python-versions = "*"
version = "4.1.4"

[package.extras]
brotli = ["brotli"]

[[package]]
category = "dev"
description = "Backport of pathlib-compatible object wrapper for zip files"
marker = "python_version < \"3.8\""
name = "zipp"
optional = false
python-versions = ">=3.6"
version = "3.1.0"

[package.extras]
docs = ["sphinx", "jaraco.packaging (>=3.2)", "rst.linker (>=1.9)"]
testing = ["jaraco.itertools", "func-timeout"]

[metadata]
content-hash = "a2a3a9b8f8eafeaeda1e85480a4a8bbe143818c69389d15ad4ad534ff7720412"
python-versions = "^3.6"

[metadata.files]
asgiref = [
    {file = "asgiref-3.2.7-py2.py3-none-any.whl", hash = "sha256:9ca8b952a0a9afa61d30aa6d3d9b570bb3fd6bafcf7ec9e6bed43b936133db1c"},
    {file = "asgiref-3.2.7.tar.gz", hash = "sha256:8036f90603c54e93521e5777b2b9a39ba1bad05773fcf2d208f0299d1df58ce5"},
]
astor = [
    {file = "astor-0.8.1-py2.py3-none-any.whl", hash = "sha256:070a54e890cefb5b3739d19f30f5a5ec840ffc9c50ffa7d23cc9fc1a38ebbfc5"},
    {file = "astor-0.8.1.tar.gz", hash = "sha256:6a6effda93f4e1ce9f618779b2dd1d9d84f1e32812c23a29b3fff6fd7f63fa5e"},
]
attrs = [
    {file = "attrs-19.3.0-py2.py3-none-any.whl", hash = "sha256:08a96c641c3a74e44eb59afb61a24f2cb9f4d7188748e76ba4bb5edfa3cb7d1c"},
    {file = "attrs-19.3.0.tar.gz", hash = "sha256:f7b7ce16570fe9965acd6d30101a28f62fb4a7f9e926b3bbc9b61f8b04247e72"},
]
bandit = [
    {file = "bandit-1.6.2-py2.py3-none-any.whl", hash = "sha256:336620e220cf2d3115877685e264477ff9d9abaeb0afe3dc7264f55fa17a3952"},
    {file = "bandit-1.6.2.tar.gz", hash = "sha256:41e75315853507aa145d62a78a2a6c5e3240fe14ee7c601459d0df9418196065"},
]
beautifulsoup4 = [
    {file = "beautifulsoup4-4.8.2-py2-none-any.whl", hash = "sha256:e1505eeed31b0f4ce2dbb3bc8eb256c04cc2b3b72af7d551a4ab6efd5cbe5dae"},
    {file = "beautifulsoup4-4.8.2-py3-none-any.whl", hash = "sha256:9fbb4d6e48ecd30bcacc5b63b94088192dcda178513b2ae3c394229f8911b887"},
    {file = "beautifulsoup4-4.8.2.tar.gz", hash = "sha256:05fd825eb01c290877657a56df4c6e4c311b3965bda790c613a3d6fb01a5462a"},
]
certifi = [
    {file = "certifi-2019.11.28-py2.py3-none-any.whl", hash = "sha256:017c25db2a153ce562900032d5bc68e9f191e44e9a0f762f373977de9df1fbb3"},
    {file = "certifi-2019.11.28.tar.gz", hash = "sha256:25b64c7da4cd7479594d035c08c2d809eb4aab3a26e5a990ea98cc450c320f1f"},
]
chardet = [
    {file = "chardet-3.0.4-py2.py3-none-any.whl", hash = "sha256:fc323ffcaeaed0e0a02bf4d117757b98aed530d9ed4531e3e15460124c106691"},
    {file = "chardet-3.0.4.tar.gz", hash = "sha256:84ab92ed1c4d4f16916e05906b6b75a6c0fb5db821cc65e70cbd64a3e2a5eaae"},
]
cognitive-complexity = [
    {file = "cognitive_complexity-0.0.4.tar.gz", hash = "sha256:8a456bf2871a40c73f33c937ec0b42bc2daaefafa850b3158b0f7a2a91af2b64"},
]
colorama = [
    {file = "colorama-0.4.1-py2.py3-none-any.whl", hash = "sha256:f8ac84de7840f5b9c4e3347b3c1eaa50f7e49c2b07596221daec5edaabbd7c48"},
    {file = "colorama-0.4.1.tar.gz", hash = "sha256:05eed71e2e327246ad6b38c540c4a3117230b19679b875190486ddd2d721422d"},
]
darglint = [
    {file = "darglint-1.2.0-py3-none-any.whl", hash = "sha256:748f53c0c73ce7cf0b97f77aea8da38145122db32969150001918700ff9689c7"},
    {file = "darglint-1.2.0.tar.gz", hash = "sha256:5dccce27e1cf49a9f566f513504c85d26e595e4f086987ffd909f5913bad5ad7"},
]
dj-database-url = [
    {file = "dj-database-url-0.5.0.tar.gz", hash = "sha256:4aeaeb1f573c74835b0686a2b46b85990571159ffc21aa57ecd4d1e1cb334163"},
    {file = "dj_database_url-0.5.0-py2.py3-none-any.whl", hash = "sha256:851785365761ebe4994a921b433062309eb882fedd318e1b0fcecc607ed02da9"},
]
django = [
    {file = "Django-3.0.5-py3-none-any.whl", hash = "sha256:642d8eceab321ca743ae71e0f985ff8fdca59f07aab3a9fb362c617d23e33a76"},
    {file = "Django-3.0.5.tar.gz", hash = "sha256:d4666c2edefa38c5ede0ec1655424c56dc47ceb04b6d8d62a7eac09db89545c1"},
]
django-bootstrap4 = [
    {file = "django-bootstrap4-1.1.1.tar.gz", hash = "sha256:39f97cbce85eb66f6d76be2029bae171bd3863d0c6932b1c2dae7f299c569b90"},
    {file = "django_bootstrap4-1.1.1-py3-none-any.whl", hash = "sha256:0fcd84f8414a58b43df0b331c00c8b2f1786ae28f75f419b4d33b06fca43e0d1"},
]
docutils = [
    {file = "docutils-0.16-py2.py3-none-any.whl", hash = "sha256:0c5b78adfbf7762415433f5515cd5c9e762339e23369dbe8000d84a4bf4ab3af"},
    {file = "docutils-0.16.tar.gz", hash = "sha256:c2de3a60e9e7d07be26b7f2b00ca0309c207e06c100f9cc2a94931fc75a478fc"},
]
entrypoints = [
    {file = "entrypoints-0.3-py2.py3-none-any.whl", hash = "sha256:589f874b313739ad35be6e0cd7efde2a4e9b6fea91edcc34e58ecbb8dbe56d19"},
    {file = "entrypoints-0.3.tar.gz", hash = "sha256:c70dd71abe5a8c85e55e12c19bd91ccfeec11a6e99044204511f9ed547d48451"},
]
eradicate = [
    {file = "eradicate-1.0.tar.gz", hash = "sha256:4ffda82aae6fd49dfffa777a857cb758d77502a1f2e0f54c9ac5155a39d2d01a"},
]
faker = [
    {file = "Faker-2.0.5-py2.py3-none-any.whl", hash = "sha256:c1d19f8c63487b4711189403f5c2e06af1dd8b5be7928f6547f5f7cddd13d917"},
    {file = "Faker-2.0.5.tar.gz", hash = "sha256:29093e61f12745150774fd05ab499e87252a4fa51ed51e45c40179e854f87925"},
]
flake8 = [
    {file = "flake8-3.7.9-py2.py3-none-any.whl", hash = "sha256:49356e766643ad15072a789a20915d3c91dc89fd313ccd71802303fd67e4deca"},
    {file = "flake8-3.7.9.tar.gz", hash = "sha256:45681a117ecc81e870cbf1262835ae4af5e7a8b08e40b944a8a6e6b895914cfb"},
]
flake8-annotations-complexity = [
    {file = "flake8_annotations_complexity-0.0.2.tar.gz", hash = "sha256:e499d2186efcc5f6f2f1c7eb18568d08f4d9313fad15f614645f3f445f70b45c"},
]
flake8-bandit = [
    {file = "flake8_bandit-2.1.2.tar.gz", hash = "sha256:687fc8da2e4a239b206af2e54a90093572a60d0954f3054e23690739b0b0de3b"},
]
flake8-broken-line = [
    {file = "flake8-broken-line-0.1.1.tar.gz", hash = "sha256:30378a3749911e453d0a9e03204156cbbd35bcc03fb89f12e6a5206e5baf3537"},
    {file = "flake8_broken_line-0.1.1-py3-none-any.whl", hash = "sha256:7721725dce3aeee1df371a252822f1fcecfaf2766dcf5bac54ee1b3f779ee9d1"},
]
flake8-bugbear = [
    {file = "flake8-bugbear-19.8.0.tar.gz", hash = "sha256:d8c466ea79d5020cb20bf9f11cf349026e09517a42264f313d3f6fddb83e0571"},
    {file = "flake8_bugbear-19.8.0-py35.py36.py37-none-any.whl", hash = "sha256:ded4d282778969b5ab5530ceba7aa1a9f1b86fa7618fc96a19a1d512331640f8"},
]
flake8-builtins = [
    {file = "flake8-builtins-1.5.2.tar.gz", hash = "sha256:fe7be13fe51bfb06bdae6096c6488e328c822c3aa080e24b91b77116a4fbb8b0"},
    {file = "flake8_builtins-1.5.2-py2.py3-none-any.whl", hash = "sha256:a0296d23da92a6f2494243b9f2039bfdb73f34aba20054c1b70b2a60c84745bb"},
]
flake8-coding = [
    {file = "flake8-coding-1.3.2.tar.gz", hash = "sha256:b8f4d5157a8f74670e6cfea732c3d9f4291a4e994c8701d2c55f787c6e6cb741"},
    {file = "flake8_coding-1.3.2-py2.py3-none-any.whl", hash = "sha256:79704112c44d09d4ab6c8965e76a20c3f7073d52146db60303bce777d9612260"},
]
flake8-commas = [
    {file = "flake8-commas-2.0.0.tar.gz", hash = "sha256:d3005899466f51380387df7151fb59afec666a0f4f4a2c6a8995b975de0f44b7"},
    {file = "flake8_commas-2.0.0-py2.py3-none-any.whl", hash = "sha256:ee2141a3495ef9789a3894ed8802d03eff1eaaf98ce6d8653a7c573ef101935e"},
]
flake8-comprehensions = [
    {file = "flake8-comprehensions-3.2.2.tar.gz", hash = "sha256:e7db586bb6eb95afdfd87ed244c90e57ae1352db8ef0ad3012fca0200421e5df"},
    {file = "flake8_comprehensions-3.2.2-py3-none-any.whl", hash = "sha256:d08323aa801aef33477cd33f2f5ce3acb1aafd26803ab0d171d85d514c1273a2"},
]
flake8-debugger = [
    {file = "flake8-debugger-3.2.1.tar.gz", hash = "sha256:712d7c1ff69ddf3f0130e94cc88c2519e720760bce45e8c330bfdcb61ab4090d"},
]
flake8-docstrings = [
    {file = "flake8-docstrings-1.5.0.tar.gz", hash = "sha256:3d5a31c7ec6b7367ea6506a87ec293b94a0a46c0bce2bb4975b7f1d09b6f3717"},
    {file = "flake8_docstrings-1.5.0-py2.py3-none-any.whl", hash = "sha256:a256ba91bc52307bef1de59e2a009c3cf61c3d0952dbe035d6ff7208940c2edc"},
]
flake8-eradicate = [
    {file = "flake8-eradicate-0.2.4.tar.gz", hash = "sha256:b693e9dfe6da42dbc7fb75af8486495b9414d1ab0372d15efcf85a2ac85fd368"},
    {file = "flake8_eradicate-0.2.4-py3-none-any.whl", hash = "sha256:b0bcdbb70a489fb799f9ee11fefc57bd0d3251e1ea9bdc5bf454443cccfd620c"},
]
flake8-executable = [
    {file = "flake8-executable-2.0.3.tar.gz", hash = "sha256:a636ff78b14b63b1245d1c4d509db2f6ea0f2e27a86ee7eb848f3827bef7e16d"},
    {file = "flake8_executable-2.0.3-py3-none-any.whl", hash = "sha256:968618c475a23a538ced9b957a741b818d37610838f99f6abcea249e4de7c9ec"},
]
flake8-isort = [
    {file = "flake8-isort-2.9.1.tar.gz", hash = "sha256:0d34b266080e1748412b203a1690792245011706b1858c203476b43460bf3652"},
    {file = "flake8_isort-2.9.1-py2.py3-none-any.whl", hash = "sha256:a77df28778a1ac6ac4153339ebd9d252935f3ed4379872d4f8b84986296d8cc3"},
]
flake8-logging-format = [
    {file = "flake8-logging-format-0.6.0.tar.gz", hash = "sha256:ca5f2b7fc31c3474a0aa77d227e022890f641a025f0ba664418797d979a779f8"},
]
flake8-pep3101 = [
    {file = "flake8-pep3101-1.3.0.tar.gz", hash = "sha256:86e3eb4e42de8326dcd98ebdeaf9a3c6854203a48f34aeb3e7e8ed948107f512"},
    {file = "flake8_pep3101-1.3.0-py2.py3-none-any.whl", hash = "sha256:a5dae1caca1243b2b40108dce926d97cf5a9f52515c4a4cbb1ffe1ca0c54e343"},
]
flake8-polyfill = [
    {file = "flake8-polyfill-1.0.2.tar.gz", hash = "sha256:e44b087597f6da52ec6393a709e7108b2905317d0c0b744cdca6208e670d8eda"},
    {file = "flake8_polyfill-1.0.2-py2.py3-none-any.whl", hash = "sha256:12be6a34ee3ab795b19ca73505e7b55826d5f6ad7230d31b18e106400169b9e9"},
]
flake8-print = [
    {file = "flake8-print-3.1.4.tar.gz", hash = "sha256:324f9e59a522518daa2461bacd7f82da3c34eb26a4314c2a54bd493f8b394a68"},
]
flake8-quotes = [
    {file = "flake8-quotes-2.1.2.tar.gz", hash = "sha256:c844c9592940c8926c60f00bc620808912ff2acd34923ab5338f3a5ca618a331"},
]
flake8-rst-docstrings = [
    {file = "flake8-rst-docstrings-0.0.12.tar.gz", hash = "sha256:01d38327801781b26c3dfeb71ae37e5a02c5ca1b774a686f63feab8824ca6f9c"},
]
flake8-string-format = [
    {file = "flake8-string-format-0.2.3.tar.gz", hash = "sha256:774d56103d9242ed968897455ef49b7d6de272000cfa83de5814273a868832f1"},
    {file = "flake8_string_format-0.2.3-py2.py3-none-any.whl", hash = "sha256:68ea72a1a5b75e7018cae44d14f32473c798cf73d75cbaed86c6a9a907b770b2"},
]
future = [
    {file = "future-0.18.2.tar.gz", hash = "sha256:b1bead90b70cf6ec3f0710ae53a525360fa360d306a86583adc6bf83a4db537d"},
]
gitdb = [
    {file = "gitdb-4.0.2-py3-none-any.whl", hash = "sha256:284a6a4554f954d6e737cddcff946404393e030b76a282c6640df8efd6b3da5e"},
    {file = "gitdb-4.0.2.tar.gz", hash = "sha256:598e0096bb3175a0aab3a0b5aedaa18a9a25c6707e0eca0695ba1a0baf1b2150"},
]
gitpython = [
    {file = "GitPython-3.1.0-py3-none-any.whl", hash = "sha256:43da89427bdf18bf07f1164c6d415750693b4d50e28fc9b68de706245147b9dd"},
    {file = "GitPython-3.1.0.tar.gz", hash = "sha256:e426c3b587bd58c482f0b7fe6145ff4ac7ae6c82673fc656f489719abca6f4cb"},
]
gunicorn = [
    {file = "gunicorn-20.0.4-py2.py3-none-any.whl", hash = "sha256:cd4a810dd51bf497552cf3f863b575dabd73d6ad6a91075b65936b151cbf4f9c"},
    {file = "gunicorn-20.0.4.tar.gz", hash = "sha256:1904bb2b8a43658807108d59c3f3d56c2b6121a701161de0ddf9ad140073c626"},
]
idna = [
    {file = "idna-2.9-py2.py3-none-any.whl", hash = "sha256:a068a21ceac8a4d63dbfd964670474107f541babbd2250d61922f029858365fa"},
    {file = "idna-2.9.tar.gz", hash = "sha256:7588d1c14ae4c77d74036e8c22ff447b26d0fde8f007354fd48a7814db15b7cb"},
]
importlib-metadata = [
    {file = "importlib_metadata-1.6.0-py2.py3-none-any.whl", hash = "sha256:2a688cbaa90e0cc587f1df48bdc97a6eadccdcd9c35fb3f976a09e3b5016d90f"},
    {file = "importlib_metadata-1.6.0.tar.gz", hash = "sha256:34513a8a0c4962bc66d35b359558fd8a5e10cd472d37aec5f66858addef32c1e"},
]
isort = [
    {file = "isort-4.3.21-py2.py3-none-any.whl", hash = "sha256:6e811fcb295968434526407adb8796944f1988c5b65e8139058f2014cbe100fd"},
    {file = "isort-4.3.21.tar.gz", hash = "sha256:54da7e92468955c4fceacd0c86bd0ec997b0e1ee80d97f67c35a78b719dccab1"},
]
mando = [
    {file = "mando-0.6.4-py2.py3-none-any.whl", hash = "sha256:4ce09faec7e5192ffc3c57830e26acba0fd6cd11e1ee81af0d4df0657463bd1c"},
    {file = "mando-0.6.4.tar.gz", hash = "sha256:79feb19dc0f097daa64a1243db578e7674909b75f88ac2220f1c065c10a0d960"},
]
mccabe = [
    {file = "mccabe-0.6.1-py2.py3-none-any.whl", hash = "sha256:ab8a6258860da4b6677da4bd2fe5dc2c659cff31b3ee4f7f5d64e79735b80d42"},
    {file = "mccabe-0.6.1.tar.gz", hash = "sha256:dd8d182285a0fe56bace7f45b5e7d1a6ebcbf524e8f3bd87eb0f125271b8831f"},
]
pbr = [
    {file = "pbr-5.4.4-py2.py3-none-any.whl", hash = "sha256:61aa52a0f18b71c5cc58232d2cf8f8d09cd67fcad60b742a60124cb8d6951488"},
    {file = "pbr-5.4.4.tar.gz", hash = "sha256:139d2625547dbfa5fb0b81daebb39601c478c21956dc57e2e07b74450a8c506b"},
]
pep8-naming = [
    {file = "pep8-naming-0.9.1.tar.gz", hash = "sha256:a33d38177056321a167decd6ba70b890856ba5025f0a8eca6a3eda607da93caf"},
    {file = "pep8_naming-0.9.1-py2.py3-none-any.whl", hash = "sha256:45f330db8fcfb0fba57458c77385e288e7a3be1d01e8ea4268263ef677ceea5f"},
]
psycopg2 = [
    {file = "psycopg2-2.8.4-cp27-cp27m-win32.whl", hash = "sha256:72772181d9bad1fa349792a1e7384dde56742c14af2b9986013eb94a240f005b"},
    {file = "psycopg2-2.8.4-cp27-cp27m-win_amd64.whl", hash = "sha256:893c11064b347b24ecdd277a094413e1954f8a4e8cdaf7ffbe7ca3db87c103f0"},
    {file = "psycopg2-2.8.4-cp34-cp34m-win32.whl", hash = "sha256:9ab75e0b2820880ae24b7136c4d230383e07db014456a476d096591172569c38"},
    {file = "psycopg2-2.8.4-cp34-cp34m-win_amd64.whl", hash = "sha256:b0845e3bdd4aa18dc2f9b6fb78fbd3d9d371ad167fd6d1b7ad01c0a6cdad4fc6"},
    {file = "psycopg2-2.8.4-cp35-cp35m-win32.whl", hash = "sha256:ef6df7e14698e79c59c7ee7cf94cd62e5b869db369ed4b1b8f7b729ea825712a"},
    {file = "psycopg2-2.8.4-cp35-cp35m-win_amd64.whl", hash = "sha256:965c4c93e33e6984d8031f74e51227bd755376a9df6993774fd5b6fb3288b1f4"},
    {file = "psycopg2-2.8.4-cp36-cp36m-win32.whl", hash = "sha256:ed686e5926929887e2c7ae0a700e32c6129abb798b4ad2b846e933de21508151"},
    {file = "psycopg2-2.8.4-cp36-cp36m-win_amd64.whl", hash = "sha256:dca2d7203f0dfce8ea4b3efd668f8ea65cd2b35112638e488a4c12594015f67b"},
    {file = "psycopg2-2.8.4-cp37-cp37m-win32.whl", hash = "sha256:8396be6e5ff844282d4d49b81631772f80dabae5658d432202faf101f5283b7c"},
    {file = "psycopg2-2.8.4-cp37-cp37m-win_amd64.whl", hash = "sha256:47fc642bf6f427805daf52d6e52619fe0637648fe27017062d898f3bf891419d"},
    {file = "psycopg2-2.8.4-cp38-cp38-win32.whl", hash = "sha256:4212ca404c4445dc5746c0d68db27d2cbfb87b523fe233dc84ecd24062e35677"},
    {file = "psycopg2-2.8.4-cp38-cp38-win_amd64.whl", hash = "sha256:92a07dfd4d7c325dd177548c4134052d4842222833576c8391aab6f74038fc3f"},
    {file = "psycopg2-2.8.4.tar.gz", hash = "sha256:f898e5cc0a662a9e12bde6f931263a1bbd350cfb18e1d5336a12927851825bb6"},
]
pycodestyle = [
    {file = "pycodestyle-2.5.0-py2.py3-none-any.whl", hash = "sha256:95a2219d12372f05704562a14ec30bc76b05a5b297b21a5dfe3f6fac3491ae56"},
    {file = "pycodestyle-2.5.0.tar.gz", hash = "sha256:e40a936c9a450ad81df37f549d676d127b1b66000a6c500caa2b085bc0ca976c"},
]
pydocstyle = [
    {file = "pydocstyle-5.0.2-py3-none-any.whl", hash = "sha256:da7831660b7355307b32778c4a0dbfb137d89254ef31a2b2978f50fc0b4d7586"},
    {file = "pydocstyle-5.0.2.tar.gz", hash = "sha256:f4f5d210610c2d153fae39093d44224c17429e2ad7da12a8b419aba5c2f614b5"},
]
pyflakes = [
    {file = "pyflakes-2.1.1-py2.py3-none-any.whl", hash = "sha256:17dbeb2e3f4d772725c777fabc446d5634d1038f234e77343108ce445ea69ce0"},
    {file = "pyflakes-2.1.1.tar.gz", hash = "sha256:d976835886f8c5b31d47970ed689944a0262b5f3afa00a5a7b4dc81e5449f8a2"},
]
pygments = [
    {file = "Pygments-2.6.1-py3-none-any.whl", hash = "sha256:ff7a40b4860b727ab48fad6360eb351cc1b33cbf9b15a0f689ca5353e9463324"},
    {file = "Pygments-2.6.1.tar.gz", hash = "sha256:647344a061c249a3b74e230c739f434d7ea4d8b1d5f3721bc0f3558049b38f44"},
]
python-dateutil = [
    {file = "python-dateutil-2.8.1.tar.gz", hash = "sha256:73ebfe9dbf22e832286dafa60473e4cd239f8592f699aa5adaf10050e6e1823c"},
    {file = "python_dateutil-2.8.1-py2.py3-none-any.whl", hash = "sha256:75bb3f31ea686f1197762692a9ee6a7550b59fc6ca3a1f4b5d7e32fb98e2da2a"},
]
python-dotenv = [
    {file = "python-dotenv-0.12.0.tar.gz", hash = "sha256:92b3123fb2d58a284f76cc92bfe4ee6c502c32ded73e8b051c4f6afc8b6751ed"},
    {file = "python_dotenv-0.12.0-py2.py3-none-any.whl", hash = "sha256:81822227f771e0cab235a2939f0f265954ac4763cafd806d845801c863bf372f"},
]
pytz = [
    {file = "pytz-2019.3-py2.py3-none-any.whl", hash = "sha256:1c557d7d0e871de1f5ccd5833f60fb2550652da6be2693c1e02300743d21500d"},
    {file = "pytz-2019.3.tar.gz", hash = "sha256:b02c06db6cf09c12dd25137e563b31700d3b80fcc4ad23abb7a315f2789819be"},
]
pyyaml = [
    {file = "PyYAML-5.3.1-cp27-cp27m-win32.whl", hash = "sha256:74809a57b329d6cc0fdccee6318f44b9b8649961fa73144a98735b0aaf029f1f"},
    {file = "PyYAML-5.3.1-cp27-cp27m-win_amd64.whl", hash = "sha256:240097ff019d7c70a4922b6869d8a86407758333f02203e0fc6ff79c5dcede76"},
    {file = "PyYAML-5.3.1-cp35-cp35m-win32.whl", hash = "sha256:4f4b913ca1a7319b33cfb1369e91e50354d6f07a135f3b901aca02aa95940bd2"},
    {file = "PyYAML-5.3.1-cp35-cp35m-win_amd64.whl", hash = "sha256:cc8955cfbfc7a115fa81d85284ee61147059a753344bc51098f3ccd69b0d7e0c"},
    {file = "PyYAML-5.3.1-cp36-cp36m-win32.whl", hash = "sha256:7739fc0fa8205b3ee8808aea45e968bc90082c10aef6ea95e855e10abf4a37b2"},
    {file = "PyYAML-5.3.1-cp36-cp36m-win_amd64.whl", hash = "sha256:69f00dca373f240f842b2931fb2c7e14ddbacd1397d57157a9b005a6a9942648"},
    {file = "PyYAML-5.3.1-cp37-cp37m-win32.whl", hash = "sha256:d13155f591e6fcc1ec3b30685d50bf0711574e2c0dfffd7644babf8b5102ca1a"},
    {file = "PyYAML-5.3.1-cp37-cp37m-win_amd64.whl", hash = "sha256:73f099454b799e05e5ab51423c7bcf361c58d3206fa7b0d555426b1f4d9a3eaf"},
    {file = "PyYAML-5.3.1-cp38-cp38-win32.whl", hash = "sha256:06a0d7ba600ce0b2d2fe2e78453a470b5a6e000a985dd4a4e54e436cc36b0e97"},
    {file = "PyYAML-5.3.1-cp38-cp38-win_amd64.whl", hash = "sha256:95f71d2af0ff4227885f7a6605c37fd53d3a106fcab511b8860ecca9fcf400ee"},
    {file = "PyYAML-5.3.1.tar.gz", hash = "sha256:b8eac752c5e14d3eca0e6dd9199cd627518cb5ec06add0de9d32baeee6fe645d"},
]
radon = [
    {file = "radon-4.1.0-py2.py3-none-any.whl", hash = "sha256:0c18111ec6cfe7f664bf9db6c51586714ac8c6d9741542706df8a85aca39b99a"},
    {file = "radon-4.1.0.tar.gz", hash = "sha256:56082c52206db45027d4a73612e1b21663c4cc2be3760fee769d966fd7efdd6d"},
]
requests = [
    {file = "requests-2.23.0-py2.py3-none-any.whl", hash = "sha256:43999036bfa82904b6af1d99e4882b560e5e2c68e5c4b0aa03b655f3d7d73fee"},
    {file = "requests-2.23.0.tar.gz", hash = "sha256:b3f43d496c6daba4493e7c431722aeb7dbc6288f52a6e04e7b6023b0247817e6"},
]
restructuredtext-lint = [
    {file = "restructuredtext_lint-1.3.0.tar.gz", hash = "sha256:97b3da356d5b3a8514d8f1f9098febd8b41463bed6a1d9f126cf0a048b6fd908"},
]
six = [
    {file = "six-1.14.0-py2.py3-none-any.whl", hash = "sha256:8f3cd2e254d8f793e7f3d6d9df77b92252b52637291d0f0da013c76ea2724b6c"},
    {file = "six-1.14.0.tar.gz", hash = "sha256:236bdbdce46e6e6a3d61a337c0f8b763ca1e8717c03b369e87a7ec7ce1319c0a"},
]
smmap = [
    {file = "smmap-3.0.1-py2.py3-none-any.whl", hash = "sha256:5fead614cf2de17ee0707a8c6a5f2aa5a2fc6c698c70993ba42f515485ffda78"},
    {file = "smmap-3.0.1.tar.gz", hash = "sha256:171484fe62793e3626c8b05dd752eb2ca01854b0c55a1efc0dc4210fccb65446"},
]
snowballstemmer = [
    {file = "snowballstemmer-2.0.0-py2.py3-none-any.whl", hash = "sha256:209f257d7533fdb3cb73bdbd24f436239ca3b2fa67d56f6ff88e86be08cc5ef0"},
    {file = "snowballstemmer-2.0.0.tar.gz", hash = "sha256:df3bac3df4c2c01363f3dd2cfa78cce2840a79b9f1c2d2de9ce8d31683992f52"},
]
soupsieve = [
    {file = "soupsieve-2.0-py2.py3-none-any.whl", hash = "sha256:fcd71e08c0aee99aca1b73f45478549ee7e7fc006d51b37bec9e9def7dc22b69"},
    {file = "soupsieve-2.0.tar.gz", hash = "sha256:e914534802d7ffd233242b785229d5ba0766a7f487385e3f714446a07bf540ae"},
]
sqlparse = [
    {file = "sqlparse-0.3.1-py2.py3-none-any.whl", hash = "sha256:022fb9c87b524d1f7862b3037e541f68597a730a8843245c349fc93e1643dc4e"},
    {file = "sqlparse-0.3.1.tar.gz", hash = "sha256:e162203737712307dfe78860cc56c8da8a852ab2ee33750e33aeadf38d12c548"},
]
stevedore = [
    {file = "stevedore-1.32.0-py2.py3-none-any.whl", hash = "sha256:a4e7dc759fb0f2e3e2f7d8ffe2358c19d45b9b8297f393ef1256858d82f69c9b"},
    {file = "stevedore-1.32.0.tar.gz", hash = "sha256:18afaf1d623af5950cc0f7e75e70f917784c73b652a34a12d90b309451b5500b"},
]
testfixtures = [
    {file = "testfixtures-6.14.0-py2.py3-none-any.whl", hash = "sha256:799144b3cbef7b072452d9c36cbd024fef415ab42924b96aad49dfd9c763de66"},
    {file = "testfixtures-6.14.0.tar.gz", hash = "sha256:cdfc3d73cb6d3d4dc3c67af84d912e86bf117d30ae25f02fe823382ef99383d2"},
]
text-unidecode = [
    {file = "text-unidecode-1.3.tar.gz", hash = "sha256:bad6603bb14d279193107714b288be206cac565dfa49aa5b105294dd5c4aab93"},
    {file = "text_unidecode-1.3-py2.py3-none-any.whl", hash = "sha256:1311f10e8b895935241623731c2ba64f4c455287888b18189350b67134a822e8"},
]
toml = [
    {file = "toml-0.10.0-py2.7.egg", hash = "sha256:f1db651f9657708513243e61e6cc67d101a39bad662eaa9b5546f789338e07a3"},
    {file = "toml-0.10.0-py2.py3-none-any.whl", hash = "sha256:235682dd292d5899d361a811df37e04a8828a5b1da3115886b73cf81ebc9100e"},
    {file = "toml-0.10.0.tar.gz", hash = "sha256:229f81c57791a41d65e399fc06bf0848bab550a9dfd5ed66df18ce5f05e73d5c"},
]
typing-extensions = [
    {file = "typing_extensions-3.7.4.2-py2-none-any.whl", hash = "sha256:f8d2bd89d25bc39dabe7d23df520442fa1d8969b82544370e03d88b5a591c392"},
    {file = "typing_extensions-3.7.4.2-py3-none-any.whl", hash = "sha256:6e95524d8a547a91e08f404ae485bbb71962de46967e1b71a0cb89af24e761c5"},
    {file = "typing_extensions-3.7.4.2.tar.gz", hash = "sha256:79ee589a3caca649a9bfd2a8de4709837400dfa00b6cc81962a1e6a1815969ae"},
]
urllib3 = [
    {file = "urllib3-1.25.8-py2.py3-none-any.whl", hash = "sha256:2f3db8b19923a873b3e5256dc9c2dedfa883e33d87c690d9c7913e1f40673cdc"},
    {file = "urllib3-1.25.8.tar.gz", hash = "sha256:87716c2d2a7121198ebcb7ce7cccf6ce5e9ba539041cfbaeecfb641dc0bf6acc"},
]
wemake-python-styleguide = [
    {file = "wemake-python-styleguide-0.13.4.tar.gz", hash = "sha256:927236eef999ef4a67ec6e120586da7d9e33f99568775d6ed28c3c6670872264"},
    {file = "wemake_python_styleguide-0.13.4-py3-none-any.whl", hash = "sha256:b005b29ba07eba59c5d8d781df35975adcf1febcad7f1306abe9bf07fa11f1d0"},
]
whitenoise = [
    {file = "whitenoise-4.1.4-py2.py3-none-any.whl", hash = "sha256:6dfea214b7c12efd689007abf9afa87a426586e9dbc051873ad2c8e535e2a1ac"},
    {file = "whitenoise-4.1.4.tar.gz", hash = "sha256:22f79cf8f1f509639330f93886acaece8ec5ac5e9600c3b981d33c34e8a42dfd"},
]
zipp = [
    {file = "zipp-3.1.0-py3-none-any.whl", hash = "sha256:aa36550ff0c0b7ef7fa639055d797116ee891440eac1a56f378e2d3179e0320b"},
    {file = "zipp-3.1.0.tar.gz", hash = "sha256:c599e4d75c98f6798c509911d08a22e6c021d074469042177c8c86fb92eefd96"},
]
